
Microsoft Visual Studio Solution File, Format Version 12.00
# Visual Studio Version 16
VisualStudioVersion = 16.0.29806.167
MinimumVisualStudioVersion = 10.0.40219.1
Project("{FAE04EC0-301F-11D3-BF4B-00C04F79EFBC}") = "FitnessView", "FitnessView\FitnessView.csproj", "{D0777591-869F-4266-80B6-F27652797F8C}"
EndProject
Project("{FAE04EC0-301F-11D3-BF4B-00C04F79EFBC}") = "FitnessModel", "..\..\Lab3\FitnessModel\FitnessModel\FitnessModel.csproj", "{D3778918-5858-481F-8A3C-ABFD9DAD76AE}"
EndProject
Global
	GlobalSection(SolutionConfigurationPlatforms) = preSolution
		Debug|Any CPU = Debug|Any CPU
		Release|Any CPU = Release|Any CPU
	EndGlobalSection
	GlobalSection(ProjectConfigurationPlatforms) = postSolution
		{D0777591-869F-4266-80B6-F27652797F8C}.Debug|Any CPU.ActiveCfg = Debug|Any CPU
		{D0777591-869F-4266-80B6-F27652797F8C}.Debug|Any CPU.Build.0 = Debug|Any CPU
		{D0777591-869F-4266-80B6-F27652797F8C}.Release|Any CPU.ActiveCfg = Release|Any CPU
		{D0777591-869F-4266-80B6-F27652797F8C}.Release|Any CPU.Build.0 = Release|Any CPU
		{D3778918-5858-481F-8A3C-ABFD9DAD76AE}.Debug|Any CPU.ActiveCfg = Debug|Any CPU
		{D3778918-5858-481F-8A3C-ABFD9DAD76AE}.Debug|Any CPU.Build.0 = Debug|Any CPU
		{D3778918-5858-481F-8A3C-ABFD9DAD76AE}.Release|Any CPU.ActiveCfg = Release|Any CPU
		{D3778918-5858-481F-8A3C-ABFD9DAD76AE}.Release|Any CPU.Build.0 = Release|Any CPU
	EndGlobalSection
	GlobalSection(SolutionProperties) = preSolution
		HideSolutionNode = FALSE
	EndGlobalSection
	GlobalSection(ExtensibilityGlobals) = postSolution
		SolutionGuid = {B818B14D-1D79-42DF-8EB4-752DC3356BBE}
	EndGlobalSection
EndGlobal
